# This file is generated by running "yarn install" inside your project.
# Manual changes might be lost - proceed with caution!

__metadata:
  version: 8
  cacheKey: 10c0

"@0no-co/graphql.web@npm:^1.0.5":
  version: 1.0.7
  resolution: "@0no-co/graphql.web@npm:1.0.7"
  peerDependencies:
    graphql: ^14.0.0 || ^15.0.0 || ^16.0.0
  peerDependenciesMeta:
    graphql:
      optional: true
  checksum: 10c0/4744a6c327e0a2d564c8f4720ef08dcece6c3b8373f52208ff29f7086f90e18d211c59cc222c229f1e3241abd1fc6e30377dc1dadac491bbb25706f29dea626a
  languageName: node
  linkType: hard

"@types/node@npm:^20.14.9":
  version: 20.14.9
  resolution: "@types/node@npm:20.14.9"
  dependencies:
    undici-types: "npm:~5.26.4"
  checksum: 10c0/911ffa444dc032897f4a23ed580c67903bd38ea1c5ec99b1d00fa10b83537a3adddef8e1f29710cbdd8e556a61407ed008e06537d834e48caf449ce59f87d387
  languageName: node
  linkType: hard

"@urql/core@npm:^5.0.4":
  version: 5.0.4
  resolution: "@urql/core@npm:5.0.4"
  dependencies:
    "@0no-co/graphql.web": "npm:^1.0.5"
    wonka: "npm:^6.3.2"
  checksum: 10c0/3aec9420ef930cfdb0dc4635588bb2727884f9691cb56e074440b225d7dbf7a1c0d60c9fd35b1dac53fe7e7ca9d5d4d3a33fd001734096f9dfacb404df919751
  languageName: node
  linkType: hard

"realtoken-rmm-query@workspace:.":
  version: 0.0.0-use.local
  resolution: "realtoken-rmm-query@workspace:."
  dependencies:
    "@types/node": "npm:^20.14.9"
    "@urql/core": "npm:^5.0.4"
    typescript: "npm:^5.5.2"
  languageName: unknown
  linkType: soft

"typescript@npm:^5.5.2":
  version: 5.5.2
  resolution: "typescript@npm:5.5.2"
  bin:
    tsc: bin/tsc
    tsserver: bin/tsserver
  checksum: 10c0/8ca39b27b5f9bd7f32db795045933ab5247897660627251e8254180b792a395bf061ea7231947d5d7ffa5cb4cc771970fd4ef543275f9b559f08c9325cccfce3
  languageName: node
  linkType: hard

"typescript@patch:typescript@npm%3A^5.5.2#optional!builtin<compat/typescript>":
  version: 5.5.2
  resolution: "typescript@patch:typescript@npm%3A5.5.2#optional!builtin<compat/typescript>::version=5.5.2&hash=379a07"
  bin:
    tsc: bin/tsc
    tsserver: bin/tsserver
  checksum: 10c0/a7b7ede75dc7fc32a76d0d0af6b91f5fbd8620890d84c906f663d8783bf3de6d7bd50f0430b8bb55eac88a38934af847ff709e7156e5138b95ae94cbd5f73e5b
  languageName: node
  linkType: hard

"undici-types@npm:~5.26.4":
  version: 5.26.5
  resolution: "undici-types@npm:5.26.5"
  checksum: 10c0/bb673d7876c2d411b6eb6c560e0c571eef4a01c1c19925175d16e3a30c4c428181fb8d7ae802a261f283e4166a0ac435e2f505743aa9e45d893f9a3df017b501
  languageName: node
  linkType: hard

"wonka@npm:^6.3.2":
  version: 6.3.4
  resolution: "wonka@npm:6.3.4"
  checksum: 10c0/77329eea673da07717476e1b8f1a22f1e1a4f261bb9a58fa446c03d3da13dbd5b254664f8aded5928d953f33ee5b399a17a4f70336e8b236e478209c0e78cda4
  languageName: node
  linkType: hard
